// !$*UTF8*$!
{
	archiveVersion = 1;
	classes = {
	};
	objectVersion = 46;
	objects = {

/* Begin PBXBuildFile section */
		9A12BF241CC08498002B5110 /* main.m in Sources */ = {isa = PBXBuildFile; fileRef = 9A12BF231CC08498002B5110 /* main.m */; };
		9A12BF271CC08498002B5110 /* AppDelegate.m in Sources */ = {isa = PBXBuildFile; fileRef = 9A12BF261CC08498002B5110 /* AppDelegate.m */; };
		9A12BF2A1CC08498002B5110 /* ViewController.m in Sources */ = {isa = PBXBuildFile; fileRef = 9A12BF291CC08498002B5110 /* ViewController.m */; };
		9A12BF2D1CC08498002B5110 /* Main.storyboard in Resources */ = {isa = PBXBuildFile; fileRef = 9A12BF2B1CC08498002B5110 /* Main.storyboard */; };
		9A12BF2F1CC08498002B5110 /* Assets.xcassets in Resources */ = {isa = PBXBuildFile; fileRef = 9A12BF2E1CC08498002B5110 /* Assets.xcassets */; };
		9A12BF321CC08498002B5110 /* LaunchScreen.storyboard in Resources */ = {isa = PBXBuildFile; fileRef = 9A12BF301CC08498002B5110 /* LaunchScreen.storyboard */; };
		9A12BF3D1CC08498002B5110 /* friendTests.m in Sources */ = {isa = PBXBuildFile; fileRef = 9A12BF3C1CC08498002B5110 /* friendTests.m */; };
		9A12BF481CC08499002B5110 /* friendUITests.m in Sources */ = {isa = PBXBuildFile; fileRef = 9A12BF471CC08499002B5110 /* friendUITests.m */; };
		9A12BF571CC08516002B5110 /* person.m in Sources */ = {isa = PBXBuildFile; fileRef = 9A12BF561CC08516002B5110 /* person.m */; };
/* End PBXBuildFile section */

/* Begin PBXContainerItemProxy section */
		9A12BF391CC08498002B5110 /* PBXContainerItemProxy */ = {
			isa = PBXContainerItemProxy;
			containerPortal = 9A12BF171CC08498002B5110 /* Project object */;
			proxyType = 1;
			remoteGlobalIDString = 9A12BF1E1CC08498002B5110;
			remoteInfo = friend;
		};
		9A12BF441CC08499002B5110 /* PBXContainerItemProxy */ = {
			isa = PBXContainerItemProxy;
			containerPortal = 9A12BF171CC08498002B5110 /* Project object */;
			proxyType = 1;
			remoteGlobalIDString = 9A12BF1E1CC08498002B5110;
			remoteInfo = friend;
		};
/* End PBXContainerItemProxy section */

/* Begin PBXFileReference section */
		9A12BF1F1CC08498002B5110 /* friend.app */ = {isa = PBXFileReference; explicitFileType = wrapper.application; includeInIndex = 0; path = friend.app; sourceTree = BUILT_PRODUCTS_DIR; };
		9A12BF231CC08498002B5110 /* main.m */ = {isa = PBXFileReference; lastKnownFileType = sourcecode.c.objc; path = main.m; sourceTree = "<group>"; };
		9A12BF251CC08498002B5110 /* AppDelegate.h */ = {isa = PBXFileReference; lastKnownFileType = sourcecode.c.h; path = AppDelegate.h; sourceTree = "<group>"; };
		9A12BF261CC08498002B5110 /* AppDelegate.m */ = {isa = PBXFileReference; lastKnownFileType = sourcecode.c.objc; path = AppDelegate.m; sourceTree = "<group>"; };
		9A12BF281CC08498002B5110 /* ViewController.h */ = {isa = PBXFileReference; lastKnownFileType = sourcecode.c.h; path = ViewController.h; sourceTree = "<group>"; };
		9A12BF291CC08498002B5110 /* ViewController.m */ = {isa = PBXFileReference; lastKnownFileType = sourcecode.c.objc; path = ViewController.m; sourceTree = "<group>"; };
		9A12BF2C1CC08498002B5110 /* Base */ = {isa = PBXFileReference; lastKnownFileType = file.storyboard; name = Base; path = Base.lproj/Main.storyboard; sourceTree = "<group>"; };
		9A12BF2E1CC08498002B5110 /* Assets.xcassets */ = {isa = PBXFileReference; lastKnownFileType = folder.assetcatalog; path = Assets.xcassets; sourceTree = "<group>"; };
		9A12BF311CC08498002B5110 /* Base */ = {isa = PBXFileReference; lastKnownFileType = file.storyboard; name = Base; path = Base.lproj/LaunchScreen.storyboard; sourceTree = "<group>"; };
		9A12BF331CC08498002B5110 /* Info.plist */ = {isa = PBXFileReference; lastKnownFileType = text.plist.xml; path = Info.plist; sourceTree = "<group>"; };
		9A12BF381CC08498002B5110 /* friendTests.xctest */ = {isa = PBXFileReference; explicitFileType = wrapper.cfbundle; includeInIndex = 0; path = friendTests.xctest; sourceTree = BUILT_PRODUCTS_DIR; };
		9A12BF3C1CC08498002B5110 /* friendTests.m */ = {isa = PBXFileReference; lastKnownFileType = sourcecode.c.objc; path = friendTests.m; sourceTree = "<group>"; };
		9A12BF3E1CC08498002B5110 /* Info.plist */ = {isa = PBXFileReference; lastKnownFileType = text.plist.xml; path = Info.plist; sourceTree = "<group>"; };
		9A12BF431CC08499002B5110 /* friendUITests.xctest */ = {isa = PBXFileReference; explicitFileType = wrapper.cfbundle; includeInIndex = 0; path = friendUITests.xctest; sourceTree = BUILT_PRODUCTS_DIR; };
		9A12BF471CC08499002B5110 /* friendUITests.m */ = {isa = PBXFileReference; lastKnownFileType = sourcecode.c.objc; path = friendUITests.m; sourceTree = "<group>"; };
		9A12BF491CC08499002B5110 /* Info.plist */ = {isa = PBXFileReference; lastKnownFileType = text.plist.xml; path = Info.plist; sourceTree = "<group>"; };
		9A12BF551CC08516002B5110 /* person.h */ = {isa = PBXFileReference; fileEncoding = 4; lastKnownFileType = sourcecode.c.h; path = person.h; sourceTree = "<group>"; };
		9A12BF561CC08516002B5110 /* person.m */ = {isa = PBXFileReference; fileEncoding = 4; lastKnownFileType = sourcecode.c.objc; path = person.m; sourceTree = "<group>"; };
/* End PBXFileReference section */

/* Begin PBXFrameworksBuildPhase section */
		9A12BF1C1CC08498002B5110 /* Frameworks */ = {
			isa = PBXFrameworksBuildPhase;
			buildActionMask = 2147483647;
			files = (
			);
			runOnlyForDeploymentPostprocessing = 0;
		};
		9A12BF351CC08498002B5110 /* Frameworks */ = {
			isa = PBXFrameworksBuildPhase;
			buildActionMask = 2147483647;
			files = (
			);
			runOnlyForDeploymentPostprocessing = 0;
		};
		9A12BF401CC08499002B5110 /* Frameworks */ = {
			isa = PBXFrameworksBuildPhase;
			buildActionMask = 2147483647;
			files = (
			);
			runOnlyForDeploymentPostprocessing = 0;
		};
/* End PBXFrameworksBuildPhase section */

/* Begin PBXGroup section */
		9A12BF161CC08498002B5110 = {
			isa = PBXGroup;
			children = (
				9A12BF211CC08498002B5110 /* friend */,
				9A12BF3B1CC08498002B5110 /* friendTests */,
				9A12BF461CC08499002B5110 /* friendUITests */,
				9A12BF201CC08498002B5110 /* Products */,
			);
			sourceTree = "<group>";
		};
		9A12BF201CC08498002B5110 /* Products */ = {
			isa = PBXGroup;
			children = (
				9A12BF1F1CC08498002B5110 /* friend.app */,
				9A12BF381CC08498002B5110 /* friendTests.xctest */,
				9A12BF431CC08499002B5110 /* friendUITests.xctest */,
			);
			name = Products;
			sourceTree = "<group>";
		};
		9A12BF211CC08498002B5110 /* friend */ = {
			isa = PBXGroup;
			children = (
				9A12BF251CC08498002B5110 /* AppDelegate.h */,
				9A12BF261CC08498002B5110 /* AppDelegate.m */,
				9A12BF281CC08498002B5110 /* ViewController.h */,
				9A12BF291CC08498002B5110 /* ViewController.m */,
				9A12BF2B1CC08498002B5110 /* Main.storyboard */,
				9A12BF2E1CC08498002B5110 /* Assets.xcassets */,
				9A12BF301CC08498002B5110 /* LaunchScreen.storyboard */,
				9A12BF331CC08498002B5110 /* Info.plist */,
				9A12BF221CC08498002B5110 /* Supporting Files */,
				9A12BF551CC08516002B5110 /* person.h */,
				9A12BF561CC08516002B5110 /* person.m */,
			);
			path = friend;
			sourceTree = "<group>";
		};
		9A12BF221CC08498002B5110 /* Supporting Files */ = {
			isa = PBXGroup;
			children = (
				9A12BF231CC08498002B5110 /* main.m */,
			);
			name = "Supporting Files";
			sourceTree = "<group>";
		};
		9A12BF3B1CC08498002B5110 /* friendTests */ = {
			isa = PBXGroup;
			children = (
				9A12BF3C1CC08498002B5110 /* friendTests.m */,
				9A12BF3E1CC08498002B5110 /* Info.plist */,
			);
			path = friendTests;
			sourceTree = "<group>";
		};
		9A12BF461CC08499002B5110 /* friendUITests */ = {
			isa = PBXGroup;
			children = (
				9A12BF471CC08499002B5110 /* friendUITests.m */,
				9A12BF491CC08499002B5110 /* Info.plist */,
			);
			path = friendUITests;
			sourceTree = "<group>";
		};
/* End PBXGroup section */

/* Begin PBXNativeTarget section */
		9A12BF1E1CC08498002B5110 /* friend */ = {
			isa = PBXNativeTarget;
			buildConfigurationList = 9A12BF4C1CC08499002B5110 /* Build configuration list for PBXNativeTarget "friend" */;
			buildPhases = (
				9A12BF1B1CC08498002B5110 /* Sources */,
				9A12BF1C1CC08498002B5110 /* Frameworks */,
				9A12BF1D1CC08498002B5110 /* Resources */,
			);
			buildRules = (
			);
			dependencies = (
			);
			name = friend;
			productName = friend;
			productReference = 9A12BF1F1CC08498002B5110 /* friend.app */;
			productType = "com.apple.product-type.application";
		};
		9A12BF371CC08498002B5110 /* friendTests */ = {
			isa = PBXNativeTarget;
			buildConfigurationList = 9A12BF4F1CC08499002B5110 /* Build configuration list for PBXNativeTarget "friendTests" */;
			buildPhases = (
				9A12BF341CC08498002B5110 /* Sources */,
				9A12BF351CC08498002B5110 /* Frameworks */,
				9A12BF361CC08498002B5110 /* Resources */,
			);
			buildRules = (
			);
			dependencies = (
				9A12BF3A1CC08498002B5110 /* PBXTargetDependency */,
			);
			name = friendTests;
			productName = friendTests;
			productReference = 9A12BF381CC08498002B5110 /* friendTests.xctest */;
			productType = "com.apple.product-type.bundle.unit-test";
		};
		9A12BF421CC08499002B5110 /* friendUITests */ = {
			isa = PBXNativeTarget;
			buildConfigurationList = 9A12BF521CC08499002B5110 /* Build configuration list for PBXNativeTarget "friendUITests" */;
			buildPhases = (
				9A12BF3F1CC08499002B5110 /* Sources */,
				9A12BF401CC08499002B5110 /* Frameworks */,
				9A12BF411CC08499002B5110 /* Resources */,
			);
			buildRules = (
			);
			dependencies = (
				9A12BF451CC08499002B5110 /* PBXTargetDependency */,
			);
			name = friendUITests;
			productName = friendUITests;
			productReference = 9A12BF431CC08499002B5110 /* friendUITests.xctest */;
			productType = "com.apple.product-type.bundle.ui-testing";
		};
/* End PBXNativeTarget section */

/* Begin PBXProject section */
		9A12BF171CC08498002B5110 /* Project object */ = {
			isa = PBXProject;
			attributes = {
				LastUpgradeCheck = 0730;
				ORGANIZATIONNAME = ljw;
				TargetAttributes = {
					9A12BF1E1CC08498002B5110 = {
						CreatedOnToolsVersion = 7.3;
						DevelopmentTeam = 69TU9HB8VP;
					};
					9A12BF371CC08498002B5110 = {
						CreatedOnToolsVersion = 7.3;
						DevelopmentTeam = 69TU9HB8VP;
						TestTargetID = 9A12BF1E1CC08498002B5110;
					};
					9A12BF421CC08499002B5110 = {
						CreatedOnToolsVersion = 7.3;
						DevelopmentTeam = 69TU9HB8VP;
						TestTargetID = 9A12BF1E1CC08498002B5110;
					};
				};
			};
			buildConfigurationList = 9A12BF1A1CC08498002B5110 /* Build configuration list for PBXProject "friend" */;
			compatibilityVersion = "Xcode 3.2";
			developmentRegion = English;
			hasScannedForEncodings = 0;
			knownRegions = (
				en,
				Base,
			);
			mainGroup = 9A12BF161CC08498002B5110;
			productRefGroup = 9A12BF201CC08498002B5110 /* Products */;
			projectDirPath = "";
			projectRoot = "";
			targets = (
				9A12BF1E1CC08498002B5110 /* friend */,
				9A12BF371CC08498002B5110 /* friendTests */,
				9A12BF421CC08499002B5110 /* friendUITests */,
			);
		};
/* End PBXProject section */

/* Begin PBXResourcesBuildPhase section */
		9A12BF1D1CC08498002B5110 /* Resources */ = {
			isa = PBXResourcesBuildPhase;
			buildActionMask = 2147483647;
			files = (
				9A12BF321CC08498002B5110 /* LaunchScreen.storyboard in Resources */,
				9A12BF2F1CC08498002B5110 /* Assets.xcassets in Resources */,
				9A12BF2D1CC08498002B5110 /* Main.storyboard in Resources */,
			);
			runOnlyForDeploymentPostprocessing = 0;
		};
		9A12BF361CC08498002B5110 /* Resources */ = {
			isa = PBXResourcesBuildPhase;
			buildActionMask = 2147483647;
			files = (
			);
			runOnlyForDeploymentPostprocessing = 0;
		};
		9A12BF411CC08499002B5110 /* Resources */ = {
			isa = PBXResourcesBuildPhase;
			buildActionMask = 2147483647;
			files = (
			);
			runOnlyForDeploymentPostprocessing = 0;
		};
/* End PBXResourcesBuildPhase section */

/* Begin PBXSourcesBuildPhase section */
		9A12BF1B1CC08498002B5110 /* Sources */ = {
			isa = PBXSourcesBuildPhase;
			buildActionMask = 2147483647;
			files = (
				9A12BF2A1CC08498002B5110 /* ViewController.m in Sources */,
				9A12BF271CC08498002B5110 /* AppDelegate.m in Sources */,
				9A12BF571CC08516002B5110 /* person.m in Sources */,
				9A12BF241CC08498002B5110 /* main.m in Sources */,
			);
			runOnlyForDeploymentPostprocessing = 0;
		};
		9A12BF341CC08498002B5110 /* Sources */ = {
			isa = PBXSourcesBuildPhase;
			buildActionMask = 2147483647;
			files = (
				9A12BF3D1CC08498002B5110 /* friendTests.m in Sources */,
			);
			runOnlyForDeploymentPostprocessing = 0;
		};
		9A12BF3F1CC08499002B5110 /* Sources */ = {
			isa = PBXSourcesBuildPhase;
			buildActionMask = 2147483647;
			files = (
				9A12BF481CC08499002B5110 /* friendUITests.m in Sources */,
			);
			runOnlyForDeploymentPostprocessing = 0;
		};
/* End PBXSourcesBuildPhase section */

/* Begin PBXTargetDependency section */
		9A12BF3A1CC08498002B5110 /* PBXTargetDependency */ = {
			isa = PBXTargetDependency;
			target = 9A12BF1E1CC08498002B5110 /* friend */;
			targetProxy = 9A12BF391CC08498002B5110 /* PBXContainerItemProxy */;
		};
		9A12BF451CC08499002B5110 /* PBXTargetDependency */ = {
			isa = PBXTargetDependency;
			target = 9A12BF1E1CC08498002B5110 /* friend */;
			targetProxy = 9A12BF441CC08499002B5110 /* PBXContainerItemProxy */;
		};
/* End PBXTargetDependency section */

/* Begin PBXVariantGroup section */
		9A12BF2B1CC08498002B5110 /* Main.storyboard */ = {
			isa = PBXVariantGroup;
			children = (
				9A12BF2C1CC08498002B5110 /* Base */,
			);
			name = Main.storyboard;
			sourceTree = "<group>";
		};
		9A12BF301CC08498002B5110 /* LaunchScreen.storyboard */ = {
			isa = PBXVariantGroup;
			children = (
				9A12BF311CC08498002B5110 /* Base */,
			);
			name = LaunchScreen.storyboard;
			sourceTree = "<group>";
		};
/* End PBXVariantGroup section */

/* Begin XCBuildConfiguration section */
		9A12BF4A1CC08499002B5110 /* Debug */ = {
			isa = XCBuildConfiguration;
			buildSettings = {
				ALWAYS_SEARCH_USER_PATHS = NO;
				CLANG_ANALYZER_NONNULL = YES;
				CLANG_CXX_LANGUAGE_STANDARD = "gnu++0x";
				CLANG_CXX_LIBRARY = "libc++";
				CLANG_ENABLE_MODULES = YES;
				CLANG_ENABLE_OBJC_ARC = YES;
				CLANG_WARN_BOOL_CONVERSION = YES;
				CLANG_WARN_CONSTANT_CONVERSION = YES;
				CLANG_WARN_DIRECT_OBJC_ISA_USAGE = YES_ERROR;
				CLANG_WARN_EMPTY_BODY = YES;
				CLANG_WARN_ENUM_CONVERSION = YES;
				CLANG_WARN_INT_CONVERSION = YES;
				CLANG_WARN_OBJC_ROOT_CLASS = YES_ERROR;
				CLANG_WARN_UNREACHABLE_CODE = YES;
				CLANG_WARN__DUPLICATE_METHOD_MATCH = YES;
				"CODE_SIGN_IDENTITY[sdk=iphoneos*]" = "iPhone Developer";
				COPY_PHASE_STRIP = NO;
				DEBUG_INFORMATION_FORMAT = dwarf;
				ENABLE_STRICT_OBJC_MSGSEND = YES;
				ENABLE_TESTABILITY = YES;
				GCC_C_LANGUAGE_STANDARD = gnu99;
				GCC_DYNAMIC_NO_PIC = NO;
				GCC_NO_COMMON_BLOCKS = YES;
				GCC_OPTIMIZATION_LEVEL = 0;
				GCC_PREPROCESSOR_DEFINITIONS = (
					"DEBUG=1",
					"$(inherited)",
				);
				GCC_WARN_64_TO_32_BIT_CONVERSION = YES;
				GCC_WARN_ABOUT_RETURN_TYPE = YES_ERROR;
				GCC_WARN_UNDECLARED_SELECTOR = YES;
				GCC_WARN_UNINITIALIZED_AUTOS = YES_AGGRESSIVE;
				GCC_WARN_UNUSED_FUNCTION = YES;
				GCC_WARN_UNUSED_VARIABLE = YES;
				IPHONEOS_DEPLOYMENT_TARGET = 9.3;
				MTL_ENABLE_DEBUG_INFO = YES;
				ONLY_ACTIVE_ARCH = YES;
				SDKROOT = iphoneos;
			};
			name = Debug;
		};
		9A12BF4B1CC08499002B5110 /* Release */ = {
			isa = XCBuildConfiguration;
			buildSettings = {
				ALWAYS_SEARCH_USER_PATHS = NO;
				CLANG_ANALYZER_NONNULL = YES;
				CLANG_CXX_LANGUAGE_STANDARD = "gnu++0x";
				CLANG_CXX_LIBRARY = "libc++";
				CLANG_ENABLE_MODULES = YES;
				CLANG_ENABLE_OBJC_ARC = YES;
				CLANG_WARN_BOOL_CONVERSION = YES;
				CLANG_WARN_CONSTANT_CONVERSION = YES;
				CLANG_WARN_DIRECT_OBJC_ISA_USAGE = YES_ERROR;
				CLANG_WARN_EMPTY_BODY = YES;
				CLANG_WARN_ENUM_CONVERSION = YES;
				CLANG_WARN_INT_CONVERSION = YES;
				CLANG_WARN_OBJC_ROOT_CLASS = YES_ERROR;
				CLANG_WARN_UNREACHABLE_CODE = YES;
				CLANG_WARN__DUPLICATE_METHOD_MATCH = YES;
				"CODE_SIGN_IDENTITY[sdk=iphoneos*]" = "iPhone Developer";
				COPY_PHASE_STRIP = NO;
				DEBUG_INFORMATION_FORMAT = "dwarf-with-dsym";
				ENABLE_NS_ASSERTIONS = NO;
				ENABLE_STRICT_OBJC_MSGSEND = YES;
				GCC_C_LANGUAGE_STANDARD = gnu99;
				GCC_NO_COMMON_BLOCKS = YES;
				GCC_WARN_64_TO_32_BIT_CONVERSION = YES;
				GCC_WARN_ABOUT_RETURN_TYPE = YES_ERROR;
				GCC_WARN_UNDECLARED_SELECTOR = YES;
				GCC_WARN_UNINITIALIZED_AUTOS = YES_AGGRESSIVE;
				GCC_WARN_UNUSED_FUNCTION = YES;
				GCC_WARN_UNUSED_VARIABLE = YES;
				IPHONEOS_DEPLOYMENT_TARGET = 9.3;
				MTL_ENABLE_DEBUG_INFO = NO;
				SDKROOT = iphoneos;
				VALIDATE_PRODUCT = YES;
			};
			name = Release;
		};
		9A12BF4D1CC08499002B5110 /* Debug */ = {
			isa = XCBuildConfiguration;
			buildSettings = {
				ASSETCATALOG_COMPILER_APPICON_NAME = AppIcon;
				INFOPLIST_FILE = friend/Info.plist;
				LD_RUNPATH_SEARCH_PATHS = "$(inherited) @executable_path/Frameworks";
				PRODUCT_BUNDLE_IDENTIFIER = com.ljw.friend;
				PRODUCT_NAME = "$(TARGET_NAME)";
			};
			name = Debug;
		};
		9A12BF4E1CC08499002B5110 /* Release */ = {
			isa = XCBuildConfiguration;
			buildSettings = {
				ASSETCATALOG_COMPILER_APPICON_NAME = AppIcon;
				INFOPLIST_FILE = friend/Info.plist;
				LD_RUNPATH_SEARCH_PATHS = "$(inherited) @executable_path/Frameworks";
				PRODUCT_BUNDLE_IDENTIFIER = com.ljw.friend;
				PRODUCT_NAME = "$(TARGET_NAME)";
			};
			name = Release;
		};
		9A12BF501CC08499002B5110 /* Debug */ = {
			isa = XCBuildConfiguration;
			buildSettings = {
				BUNDLE_LOADER = "$(TEST_HOST)";
				INFOPLIST_FILE = friendTests/Info.plist;
				LD_RUNPATH_SEARCH_PATHS = "$(inherited) @executable_path/Frameworks @loader_path/Frameworks";
				PRODUCT_BUNDLE_IDENTIFIER = com.ljw.friendTests;
				PRODUCT_NAME = "$(TARGET_NAME)";
				TEST_HOST = "$(BUILT_PRODUCTS_DIR)/friend.app/friend";
			};
			name = Debug;
		};
		9A12BF511CC08499002B5110 /* Release */ = {
			isa = XCBuildConfiguration;
			buildSettings = {
				BUNDLE_LOADER = "$(TEST_HOST)";
				INFOPLIST_FILE = friendTests/Info.plist;
				LD_RUNPATH_SEARCH_PATHS = "$(inherited) @executable_path/Frameworks @loader_path/Frameworks";
				PRODUCT_BUNDLE_IDENTIFIER = com.ljw.friendTests;
				PRODUCT_NAME = "$(TARGET_NAME)";
				TEST_HOST = "$(BUILT_PRODUCTS_DIR)/friend.app/friend";
			};
			name = Release;
		};
		9A12BF531CC08499002B5110 /* Debug */ = {
			isa = XCBuildConfiguration;
			buildSettings = {
				INFOPLIST_FILE = friendUITests/Info.plist;
				LD_RUNPATH_SEARCH_PATHS = "$(inherited) @executable_path/Frameworks @loader_path/Frameworks";
				PRODUCT_BUNDLE_IDENTIFIER = com.ljw.friendUITests;
				PRODUCT_NAME = "$(TARGET_NAME)";
				TEST_TARGET_NAME = friend;
			};
			name = Debug;
		};
		9A12BF541CC08499002B5110 /* Release */ = {
			isa = XCBuildConfiguration;
			buildSettings = {
				INFOPLIST_FILE = friendUITests/Info.plist;
				LD_RUNPATH_SEARCH_PATHS = "$(inherited) @executable_path/Frameworks @loader_path/Frameworks";
				PRODUCT_BUNDLE_IDENTIFIER = com.ljw.friendUITests;
				PRODUCT_NAME = "$(TARGET_NAME)";
				TEST_TARGET_NAME = friend;
			};
			name = Release;
		};
/* End XCBuildConfiguration section */

/* Begin XCConfigurationList section */
		9A12BF1A1CC08498002B5110 /* Build configuration list for PBXProject "friend" */ = {
			isa = XCConfigurationList;
			buildConfigurations = (
				9A12BF4A1CC08499002B5110 /* Debug */,
				9A12BF4B1CC08499002B5110 /* Release */,
			);
			defaultConfigurationIsVisible = 0;
			defaultConfigurationName = Release;
		};
		9A12BF4C1CC08499002B5110 /* Build configuration list for PBXNativeTarget "friend" */ = {
			isa = XCConfigurationList;
			buildConfigurations = (
				9A12BF4D1CC08499002B5110 /* Debug */,
				9A12BF4E1CC08499002B5110 /* Release */,
			);
			defaultConfigurationIsVisible = 0;
		};
		9A12BF4F1CC08499002B5110 /* Build configuration list for PBXNativeTarget "friendTests" */ = {
			isa = XCConfigurationList;
			buildConfigurations = (
				9A12BF501CC08499002B5110 /* Debug */,
				9A12BF511CC08499002B5110 /* Release */,
			);
			defaultConfigurationIsVisible = 0;
		};
		9A12BF521CC08499002B5110 /* Build configuration list for PBXNativeTarget "friendUITests" */ = {
			isa = XCConfigurationList;
			buildConfigurations = (
				9A12BF531CC08499002B5110 /* Debug */,
				9A12BF541CC08499002B5110 /* Release */,
			);
			defaultConfigurationIsVisible = 0;
		};
/* End XCConfigurationList section */
	};
	rootObject = 9A12BF171CC08498002B5110 /* Project object */;
}
